cirello.io/errors v0.0.0-20180909181915-1e29dc80d660 h1:iEI5xGLC/3Qbteq/dKdp7U2h8Q+NrCe0LFeWUxnQsl4=
cirello.io/errors v0.0.0-20180909181915-1e29dc80d660/go.mod h1:EGeXTbC2JZmq7lFJ3wJXj2Nw1q6oLd7VHbznWcBrN2E=
github.com/davecgh/go-spew v1.1.1 h1:vj9j/u1bqnvCEfJOwUhtlOARqs3+rkHYY13jYWTU97c=
github.com/davecgh/go-spew v1.1.1/go.mod h1:J7Y8YcW2NihsgmVo/mv3lAwl/skON4iLHjSsI+c5H38=
